
Microsoft Visual Studio Solution File, Format Version 12.00
# Visual Studio Version 16
VisualStudioVersion = 16.0.31205.134
MinimumVisualStudioVersion = 10.0.40219.1
Project("{FAE04EC0-301F-11D3-BF4B-00C04F79EFBC}") = "Control de inventarios HCA", "Control de inventarios HCA\Control de inventarios HCA.csproj", "{37D5CF72-7CCF-4601-8515-06D96E82506A}"
EndProject
Global
	GlobalSection(SolutionConfigurationPlatforms) = preSolution
		Debug|Any CPU = Debug|Any CPU
		Release|Any CPU = Release|Any CPU
	EndGlobalSection
	GlobalSection(ProjectConfigurationPlatforms) = postSolution
		{37D5CF72-7CCF-4601-8515-06D96E82506A}.Debug|Any CPU.ActiveCfg = Debug|Any CPU
		{37D5CF72-7CCF-4601-8515-06D96E82506A}.Debug|Any CPU.Build.0 = Debug|Any CPU
		{37D5CF72-7CCF-4601-8515-06D96E82506A}.Release|Any CPU.ActiveCfg = Release|Any CPU
		{37D5CF72-7CCF-4601-8515-06D96E82506A}.Release|Any CPU.Build.0 = Release|Any CPU
	EndGlobalSection
	GlobalSection(SolutionProperties) = preSolution
		HideSolutionNode = FALSE
	EndGlobalSection
	GlobalSection(ExtensibilityGlobals) = postSolution
		SolutionGuid = {B556A11F-B873-4C93-AB93-4D1C77042641}
	EndGlobalSection
EndGlobal
